
Microsoft Visual Studio Solution File, Format Version 12.00
# Visual Studio Version 17
VisualStudioVersion = 17.5.33627.172
MinimumVisualStudioVersion = 10.0.40219.1
Project("{FAE04EC0-301F-11D3-BF4B-00C04F79EFBC}") = "OpenTextFiles12", "OpenTextFiles12\OpenTextFiles12.csproj", "{706EA6AC-FAC8-4C7C-B7D2-FEB346EE9F8F}"
EndProject
Global
	GlobalSection(SolutionConfigurationPlatforms) = preSolution
		Debug|Any CPU = Debug|Any CPU
		Release|Any CPU = Release|Any CPU
	EndGlobalSection
	GlobalSection(ProjectConfigurationPlatforms) = postSolution
		{706EA6AC-FAC8-4C7C-B7D2-FEB346EE9F8F}.Debug|Any CPU.ActiveCfg = Debug|Any CPU
		{706EA6AC-FAC8-4C7C-B7D2-FEB346EE9F8F}.Debug|Any CPU.Build.0 = Debug|Any CPU
		{706EA6AC-FAC8-4C7C-B7D2-FEB346EE9F8F}.Release|Any CPU.ActiveCfg = Release|Any CPU
		{706EA6AC-FAC8-4C7C-B7D2-FEB346EE9F8F}.Release|Any CPU.Build.0 = Release|Any CPU
	EndGlobalSection
	GlobalSection(SolutionProperties) = preSolution
		HideSolutionNode = FALSE
	EndGlobalSection
	GlobalSection(ExtensibilityGlobals) = postSolution
		SolutionGuid = {6E5D8153-51C5-4CAA-AFE3-AD216228C4B5}
	EndGlobalSection
EndGlobal
